// !$*UTF8*$!
{
	archiveVersion = 1;
	classes = {
	};
	objectVersion = 110;
	objects = {

/* Begin PBXBuildFile section */
		A20000000000000000000005 /* STULabel in Frameworks */ = {isa = PBXBuildFile; productRef = A20000000000000000000001 /* STULabel */; };
		A20000000000000000000006 /* STULabelSwift in Frameworks */ = {isa = PBXBuildFile; productRef = A20000000000000000000002 /* STULabelSwift */; };
		A20000000000000000000007 /* STULabel in Frameworks */ = {isa = PBXBuildFile; productRef = A20000000000000000000003 /* STULabel */; };
		A20000000000000000000008 /* STULabelSwift in Frameworks */ = {isa = PBXBuildFile; productRef = A20000000000000000000004 /* STULabelSwift */; };
		D4C8FC1E20D005A100CDA4EB /* libicucore.tbd in Frameworks */ = {isa = PBXBuildFile; fileRef = D4C8FC1D20D005A000CDA4EB /* libicucore.tbd */; };
/* End PBXBuildFile section */

/* Begin PBXContainerItemProxy section */
		A20000000000000000000010 /* PBXContainerItemProxy */ = {
			isa = PBXContainerItemProxy;
			containerPortal = D4B0AEB31F9259E600B5B2B9 /* Project object */;
			proxyType = 1;
			remoteGlobalIDString = D467A0761F9261E70043C7F0;
			remoteInfo = Demo;
		};
/* End PBXContainerItemProxy section */

/* Begin PBXFileReference section */
		D407028A2014FFB0004E5C07 /* STULabel.xcodeproj */ = {isa = PBXFileReference; lastKnownFileType = "wrapper.pb-project"; path = STULabel.xcodeproj; sourceTree = "<group>"; };
		D4107B3A20486CCD008CA7E9 /* README.md */ = {isa = PBXFileReference; fileEncoding = 4; lastKnownFileType = net.daringfireball.markdown; path = README.md; sourceTree = "<group>"; };
		D43E66BD1FD45DB300BABD1C /* AllTests.xctest */ = {isa = PBXFileReference; explicitFileType = wrapper.cfbundle; includeInIndex = 0; path = AllTests.xctest; sourceTree = BUILT_PRODUCTS_DIR; };
		D467A0771F9261E70043C7F0 /* Demo.app */ = {isa = PBXFileReference; explicitFileType = wrapper.application; includeInIndex = 0; path = Demo.app; sourceTree = BUILT_PRODUCTS_DIR; };
		D4C8FC1D20D005A000CDA4EB /* libicucore.tbd */ = {isa = PBXFileReference; lastKnownFileType = "sourcecode.text-based-dylib-definition"; name = libicucore.tbd; path = Platforms/iPhoneOS.platform/Developer/SDKs/iPhoneOS11.4.sdk/usr/lib/libicucore.tbd; sourceTree = DEVELOPER_DIR; };
/* End PBXFileReference section */

/* Begin PBXFileSystemSynchronizedBuildFileExceptionSet section */
		352D7392303C654C00C34AF3 /* Exceptions for "Demo" folder in "Demo" target */ = {
			isa = PBXFileSystemSynchronizedBuildFileExceptionSet;
			membershipExceptions = (
				Info.plist,
				Resources/LICENSE.txt,
			);
			target = D467A0761F9261E70043C7F0 /* Demo */;
		};
		352D7393303C654C00C34AF3 /* Exceptions for "Demo" folder in "AllTests" target */ = {
			isa = PBXFileSystemSynchronizedBuildFileExceptionSet;
			membershipExceptions = (
				Resources/udhr.html,
				UDHR.swift,
				Utils/AutoLayoutUtils.swift,
				Utils/CoreGraphicsUtils.swift,
				Utils/Rand.swift,
				Utils/StringExtension.swift,
			);
			target = D43E66BC1FD45DB300BABD1C /* AllTests */;
		};
		352D740A303C663400C34AF3 /* Exceptions for "Tests" folder in "AllTests" target */ = {
			isa = PBXFileSystemSynchronizedBuildFileExceptionSet;
			additionalCompilerFlagsByRelativePath = {
				"Internal/stu/NSFoundationSupportTests-no-ARC.mm" = "-fno-objc-arc";
				SnapshotTestCase.m = "-O2";
			};
			membershipExceptions = (
				Info.plist,
			);
			target = D43E66BC1FD45DB300BABD1C /* AllTests */;
		};
/* End PBXFileSystemSynchronizedBuildFileExceptionSet section */

/* Begin PBXFileSystemSynchronizedRootGroup section */
		352D7369303C654B00C34AF3 /* Demo */ = {
			isa = PBXFileSystemSynchronizedRootGroup;
			exceptions = (
				352D7392303C654C00C34AF3 /* Exceptions for "Demo" folder in "Demo" target */,
				352D7393303C654C00C34AF3 /* Exceptions for "Demo" folder in "AllTests" target */,
			);
			path = Demo;
			sourceTree = "<group>";
		};
		352D739A303C656700C34AF3 /* Configurations */ = {
			isa = PBXFileSystemSynchronizedRootGroup;
			path = Configurations;
			sourceTree = "<group>";
		};
		352D73DE303C663300C34AF3 /* Tests */ = {
			isa = PBXFileSystemSynchronizedRootGroup;
			exceptions = (
				352D740A303C663400C34AF3 /* Exceptions for "Tests" folder in "AllTests" target */,
			);
			path = Tests;
			sourceTree = "<group>";
		};
/* End PBXFileSystemSynchronizedRootGroup section */

/* Begin PBXFrameworksBuildPhase section */
		D43E66BA1FD45DB300BABD1C /* Frameworks */ = {
			isa = PBXFrameworksBuildPhase;
			files = (
				D4C8FC1E20D005A100CDA4EB /* libicucore.tbd in Frameworks */,
				A20000000000000000000007 /* STULabel in Frameworks */,
				A20000000000000000000008 /* STULabelSwift in Frameworks */,
			);
		};
		D467A0741F9261E70043C7F0 /* Frameworks */ = {
			isa = PBXFrameworksBuildPhase;
			files = (
				A20000000000000000000005 /* STULabel in Frameworks */,
				A20000000000000000000006 /* STULabelSwift in Frameworks */,
			);
		};
/* End PBXFrameworksBuildPhase section */

/* Begin PBXGroup section */
		D407028B2014FFB0004E5C07 /* Products */ = {
			isa = PBXGroup;
			name = Products;
			sourceTree = "<group>";
		};
		D423839E1F92A340000B8A63 /* Frameworks */ = {
			isa = PBXGroup;
			children = (
				D4C8FC1D20D005A000CDA4EB /* libicucore.tbd */,
			);
			name = Frameworks;
			sourceTree = "<group>";
		};
		D4B0AEB21F9259E600B5B2B9 = {
			isa = PBXGroup;
			children = (
				D407028A2014FFB0004E5C07 /* STULabel.xcodeproj */,
				D4107B3A20486CCD008CA7E9 /* README.md */,
				352D739A303C656700C34AF3 /* Configurations */,
				352D73DE303C663300C34AF3 /* Tests */,
				352D7369303C654B00C34AF3 /* Demo */,
				D4B0AEBD1F9259E600B5B2B9 /* Products */,
				D423839E1F92A340000B8A63 /* Frameworks */,
			);
			sourceTree = "<group>";
		};
		D4B0AEBD1F9259E600B5B2B9 /* Products */ = {
			isa = PBXGroup;
			children = (
				D467A0771F9261E70043C7F0 /* Demo.app */,
				D43E66BD1FD45DB300BABD1C /* AllTests.xctest */,
			);
			name = Products;
			sourceTree = "<group>";
		};
/* End PBXGroup section */

/* Begin PBXNativeTarget section */
		D43E66BC1FD45DB300BABD1C /* AllTests */ = {
			isa = PBXNativeTarget;
			buildConfigurationList = D43E66C51FD45DB300BABD1C /* Build configuration list for PBXNativeTarget "AllTests" */;
			buildPhases = (
				D43E66B91FD45DB300BABD1C /* Sources */,
				D43E66BA1FD45DB300BABD1C /* Frameworks */,
				D43E66BB1FD45DB300BABD1C /* Resources */,
			);
			buildRules = (
			);
			dependencies = (
				A20000000000000000000011 /* PBXTargetDependency */,
			);
			fileSystemSynchronizedGroups = (
				352D73DE303C663300C34AF3 /* Tests */,
			);
			name = AllTests;
			packageProductDependencies = (
				A20000000000000000000003 /* STULabel */,
				A20000000000000000000004 /* STULabelSwift */,
			);
			productName = TestsInternal;
			productReference = D43E66BD1FD45DB300BABD1C /* AllTests.xctest */;
			productType = "com.apple.product-type.bundle.unit-test";
		};
		D467A0761F9261E70043C7F0 /* Demo */ = {
			isa = PBXNativeTarget;
			buildConfigurationList = D467A08C1F9261E70043C7F0 /* Build configuration list for PBXNativeTarget "Demo" */;
			buildPhases = (
				D467A0731F9261E70043C7F0 /* Sources */,
				D467A0741F9261E70043C7F0 /* Frameworks */,
				D467A0751F9261E70043C7F0 /* Resources */,
			);
			buildRules = (
			);
			fileSystemSynchronizedGroups = (
				352D7369303C654B00C34AF3 /* Demo */,
			);
			name = Demo;
			packageProductDependencies = (
				A20000000000000000000001 /* STULabel */,
				A20000000000000000000002 /* STULabelSwift */,
			);
			productName = Demo;
			productReference = D467A0771F9261E70043C7F0 /* Demo.app */;
			productType = "com.apple.product-type.application";
		};
/* End PBXNativeTarget section */

/* Begin PBXProject section */
		D4B0AEB31F9259E600B5B2B9 /* Project object */ = {
			isa = PBXProject;
			attributes = {
				BuildIndependentTargetsInParallel = YES;
				DefaultBuildSystemTypeForWorkspace = Latest;
				LastSwiftUpdateCheck = 0910;
				LastUpgradeCheck = 2700;
				ORGANIZATIONNAME = STULabel;
				TargetAttributes = {
					D43E66BC1FD45DB300BABD1C = {
						CreatedOnToolsVersion = 9.2;
						LastSwiftMigration = 1000;
					};
					D467A0761F9261E70043C7F0 = {
						CreatedOnToolsVersion = 9.1;
						LastSwiftMigration = 1110;
						ProvisioningStyle = Automatic;
					};
				};
			};
			buildConfigurationList = D4B0AEB61F9259E600B5B2B9 /* Build configuration list for PBXProject "STULabel" */;
			developmentRegion = en;
			hasScannedForEncodings = 0;
			knownRegions = (
				en,
				Base,
				ar,
				ca,
				"zh-Hans",
				"zh-Hant",
				"zh-Hant-HK",
				hr,
				cs,
				da,
				nl,
				fi,
				fr,
				"fr-CA",
				de,
				el,
				he,
				hi,
				hu,
				id,
				it,
				ja,
				ko,
				ms,
				nb,
				pl,
				pt,
				"pt-PT",
				ro,
				ru,
				sk,
				es,
				"es-419",
				sv,
				th,
				tr,
				uk,
				vi,
			);
			mainGroup = D4B0AEB21F9259E600B5B2B9;
			minimizedProjectReferenceProxies = 1;
			packageReferences = (
				A20000000000000000000009 /* XCLocalSwiftPackageReference "." */,
			);
			preferredProjectObjectVersion = 110;
			productRefGroup = D4B0AEBD1F9259E600B5B2B9 /* Products */;
			projectDirPath = "";
			projectReferences = (
				{
					ProductGroup = D407028B2014FFB0004E5C07 /* Products */;
					ProjectRef = D407028A2014FFB0004E5C07 /* STULabel.xcodeproj */;
				},
			);
			projectRoot = "";
			targets = (
				D467A0761F9261E70043C7F0 /* Demo */,
				D43E66BC1FD45DB300BABD1C /* AllTests */,
			);
		};
/* End PBXProject section */

/* Begin PBXResourcesBuildPhase section */
		D43E66BB1FD45DB300BABD1C /* Resources */ = {
			isa = PBXResourcesBuildPhase;
			files = (
			);
		};
		D467A0751F9261E70043C7F0 /* Resources */ = {
			isa = PBXResourcesBuildPhase;
			files = (
			);
		};
/* End PBXResourcesBuildPhase section */

/* Begin PBXSourcesBuildPhase section */
		D43E66B91FD45DB300BABD1C /* Sources */ = {
			isa = PBXSourcesBuildPhase;
			files = (
			);
		};
		D467A0731F9261E70043C7F0 /* Sources */ = {
			isa = PBXSourcesBuildPhase;
			files = (
			);
		};
/* End PBXSourcesBuildPhase section */

/* Begin PBXTargetDependency section */
		A20000000000000000000011 /* PBXTargetDependency */ = {
			isa = PBXTargetDependency;
			target = D467A0761F9261E70043C7F0 /* Demo */;
			targetProxy = A20000000000000000000010 /* PBXContainerItemProxy */;
		};
/* End PBXTargetDependency section */

/* Begin XCBuildConfiguration section */
		D43E66C61FD45DB300BABD1C /* Debug configuration for PBXNativeTarget "AllTests" */ = {
			isa = XCBuildConfiguration;
			baseConfigurationReferenceAnchor = 352D739A303C656700C34AF3 /* Configurations */;
			baseConfigurationReferenceRelativePath = AllTests.xcconfig;
			buildSettings = {
			};
			name = Debug;
		};
		D43E66C71FD45DB300BABD1C /* Release configuration for PBXNativeTarget "AllTests" */ = {
			isa = XCBuildConfiguration;
			baseConfigurationReferenceAnchor = 352D739A303C656700C34AF3 /* Configurations */;
			baseConfigurationReferenceRelativePath = AllTests.xcconfig;
			buildSettings = {
			};
			name = Release;
		};
		D467A08A1F9261E70043C7F0 /* Debug configuration for PBXNativeTarget "Demo" */ = {
			isa = XCBuildConfiguration;
			baseConfigurationReferenceAnchor = 352D739A303C656700C34AF3 /* Configurations */;
			baseConfigurationReferenceRelativePath = Demo.xcconfig;
			buildSettings = {
				IPHONEOS_DEPLOYMENT_TARGET = 26.0;
			};
			name = Debug;
		};
		D467A08B1F9261E70043C7F0 /* Release configuration for PBXNativeTarget "Demo" */ = {
			isa = XCBuildConfiguration;
			baseConfigurationReferenceAnchor = 352D739A303C656700C34AF3 /* Configurations */;
			baseConfigurationReferenceRelativePath = Demo.xcconfig;
			buildSettings = {
				IPHONEOS_DEPLOYMENT_TARGET = 26.0;
			};
			name = Release;
		};
		D4B0AEC21F9259E600B5B2B9 /* Debug configuration for PBXProject "STULabel" */ = {
			isa = XCBuildConfiguration;
			baseConfigurationReferenceAnchor = 352D739A303C656700C34AF3 /* Configurations */;
			baseConfigurationReferenceRelativePath = Debug.xcconfig;
			buildSettings = {
				CLANG_WARN_BLOCK_CAPTURE_AUTORELEASING = YES;
				CLANG_WARN_BOOL_CONVERSION = YES;
				CLANG_WARN_COMMA = YES;
				CLANG_WARN_CONSTANT_CONVERSION = YES;
				CLANG_WARN_DEPRECATED_OBJC_IMPLEMENTATIONS = YES;
				CLANG_WARN_EMPTY_BODY = YES;
				CLANG_WARN_ENUM_CONVERSION = YES;
				CLANG_WARN_INFINITE_RECURSION = YES;
				CLANG_WARN_INT_CONVERSION = YES;
				CLANG_WARN_NON_LITERAL_NULL_CONVERSION = YES;
				CLANG_WARN_OBJC_IMPLICIT_RETAIN_SELF = YES;
				CLANG_WARN_OBJC_LITERAL_CONVERSION = YES;
				CLANG_WARN_QUOTED_INCLUDE_IN_FRAMEWORK_HEADER = YES;
				CLANG_WARN_RANGE_LOOP_ANALYSIS = YES;
				CLANG_WARN_STRICT_PROTOTYPES = YES;
				CLANG_WARN_SUSPICIOUS_MOVE = YES;
				CLANG_WARN_UNREACHABLE_CODE = YES;
				CLANG_WARN__DUPLICATE_METHOD_MATCH = YES;
				ENABLE_STRICT_OBJC_MSGSEND = YES;
				GCC_NO_COMMON_BLOCKS = YES;
				GCC_WARN_64_TO_32_BIT_CONVERSION = YES;
				GCC_WARN_ABOUT_RETURN_TYPE = YES;
				GCC_WARN_UNDECLARED_SELECTOR = YES;
				GCC_WARN_UNINITIALIZED_AUTOS = YES;
				GCC_WARN_UNUSED_FUNCTION = YES;
				GCC_WARN_UNUSED_VARIABLE = YES;
				IPHONEOS_DEPLOYMENT_TARGET = 26.0;
				LOCALIZATION_PREFERS_STRING_CATALOGS = YES;
				SWIFT_EMIT_LOC_STRINGS = YES;
			};
			name = Debug;
		};
		D4B0AEC31F9259E600B5B2B9 /* Release configuration for PBXProject "STULabel" */ = {
			isa = XCBuildConfiguration;
			baseConfigurationReferenceAnchor = 352D739A303C656700C34AF3 /* Configurations */;
			baseConfigurationReferenceRelativePath = Release.xcconfig;
			buildSettings = {
				CLANG_WARN_BLOCK_CAPTURE_AUTORELEASING = YES;
				CLANG_WARN_BOOL_CONVERSION = YES;
				CLANG_WARN_COMMA = YES;
				CLANG_WARN_CONSTANT_CONVERSION = YES;
				CLANG_WARN_DEPRECATED_OBJC_IMPLEMENTATIONS = YES;
				CLANG_WARN_EMPTY_BODY = YES;
				CLANG_WARN_ENUM_CONVERSION = YES;
				CLANG_WARN_INFINITE_RECURSION = YES;
				CLANG_WARN_INT_CONVERSION = YES;
				CLANG_WARN_NON_LITERAL_NULL_CONVERSION = YES;
				CLANG_WARN_OBJC_IMPLICIT_RETAIN_SELF = YES;
				CLANG_WARN_OBJC_LITERAL_CONVERSION = YES;
				CLANG_WARN_QUOTED_INCLUDE_IN_FRAMEWORK_HEADER = YES;
				CLANG_WARN_RANGE_LOOP_ANALYSIS = YES;
				CLANG_WARN_STRICT_PROTOTYPES = YES;
				CLANG_WARN_SUSPICIOUS_MOVE = YES;
				CLANG_WARN_UNREACHABLE_CODE = YES;
				CLANG_WARN__DUPLICATE_METHOD_MATCH = YES;
				ENABLE_STRICT_OBJC_MSGSEND = YES;
				GCC_NO_COMMON_BLOCKS = YES;
				GCC_WARN_64_TO_32_BIT_CONVERSION = YES;
				GCC_WARN_ABOUT_RETURN_TYPE = YES;
				GCC_WARN_UNDECLARED_SELECTOR = YES;
				GCC_WARN_UNINITIALIZED_AUTOS = YES;
				GCC_WARN_UNUSED_FUNCTION = YES;
				GCC_WARN_UNUSED_VARIABLE = YES;
				IPHONEOS_DEPLOYMENT_TARGET = 26.0;
				LOCALIZATION_PREFERS_STRING_CATALOGS = YES;
				SWIFT_EMIT_LOC_STRINGS = YES;
			};
			name = Release;
		};
/* End XCBuildConfiguration section */

/* Begin XCConfigurationList section */
		D43E66C51FD45DB300BABD1C /* Build configuration list for PBXNativeTarget "AllTests" */ = {
			isa = XCConfigurationList;
			buildConfigurations = (
				D43E66C61FD45DB300BABD1C /* Debug configuration for PBXNativeTarget "AllTests" */,
				D43E66C71FD45DB300BABD1C /* Release configuration for PBXNativeTarget "AllTests" */,
			);
			defaultConfigurationName = Release;
		};
		D467A08C1F9261E70043C7F0 /* Build configuration list for PBXNativeTarget "Demo" */ = {
			isa = XCConfigurationList;
			buildConfigurations = (
				D467A08A1F9261E70043C7F0 /* Debug configuration for PBXNativeTarget "Demo" */,
				D467A08B1F9261E70043C7F0 /* Release configuration for PBXNativeTarget "Demo" */,
			);
			defaultConfigurationName = Release;
		};
		D4B0AEB61F9259E600B5B2B9 /* Build configuration list for PBXProject "STULabel" */ = {
			isa = XCConfigurationList;
			buildConfigurations = (
				D4B0AEC21F9259E600B5B2B9 /* Debug configuration for PBXProject "STULabel" */,
				D4B0AEC31F9259E600B5B2B9 /* Release configuration for PBXProject "STULabel" */,
			);
			defaultConfigurationName = Release;
		};
/* End XCConfigurationList section */

/* Begin XCLocalSwiftPackageReference section */
		A20000000000000000000009 /* XCLocalSwiftPackageReference "." */ = {
			isa = XCLocalSwiftPackageReference;
			relativePath = .;
		};
/* End XCLocalSwiftPackageReference section */

/* Begin XCSwiftPackageProductDependency section */
		A20000000000000000000001 /* STULabel */ = {
			isa = XCSwiftPackageProductDependency;
			package = A20000000000000000000009 /* XCLocalSwiftPackageReference "." */;
			productName = STULabel;
		};
		A20000000000000000000002 /* STULabelSwift */ = {
			isa = XCSwiftPackageProductDependency;
			package = A20000000000000000000009 /* XCLocalSwiftPackageReference "." */;
			productName = STULabelSwift;
		};
		A20000000000000000000003 /* STULabel */ = {
			isa = XCSwiftPackageProductDependency;
			package = A20000000000000000000009 /* XCLocalSwiftPackageReference "." */;
			productName = STULabel;
		};
		A20000000000000000000004 /* STULabelSwift */ = {
			isa = XCSwiftPackageProductDependency;
			package = A20000000000000000000009 /* XCLocalSwiftPackageReference "." */;
			productName = STULabelSwift;
		};
/* End XCSwiftPackageProductDependency section */
	};
	rootObject = D4B0AEB31F9259E600B5B2B9 /* Project object */;
	validationLevel = 1;
}
